<?xml version="1.0" encoding="utf-8"?>
<Project ToolsVersion="4.0" xmlns="http://schemas.microsoft.com/developer/msbuild/2003">
  <ItemGroup>
    <ClCompile Include="AuthUtils.cpp">
      <Filter>Source Files</Filter>
    </ClCompile>
    <ClCompile Include="CurrentUser.cpp">
      <Filter>Source Files</Filter>
    </ClCompile>
    <ClCompile Include="Game.cpp">
      <Filter>Source Files</Filter>
    </ClCompile>
    <ClCompile Include="GUI.cpp">
      <Filter>Source Files</Filter>
    </ClCompile>
    <ClCompile Include="Lobby.cpp">
      <Filter>Source Files</Filter>
    </ClCompile>
    <ClCompile Include="LoggedInMenu.cpp">
      <Filter>Source Files</Filter>
    </ClCompile>
    <ClCompile Include="LogInMenu.cpp">
      <Filter>Source Files</Filter>
    </ClCompile>
    <ClCompile Include="main.cpp">
      <Filter>Source Files</Filter>
    </ClCompile>
    <ClCompile Include="PreLobbyMenu.cpp">
      <Filter>Source Files</Filter>
    </ClCompile>
    <ClCompile Include="ProfileViewTab.cpp">
      <Filter>Source Files</Filter>
    </ClCompile>
    <ClCompile Include="SignUpMenu.cpp">
      <Filter>Source Files</Filter>
    </ClCompile>
  </ItemGroup>
  <ItemGroup>
    <ClInclude Include="AuthUtils.h">
      <Filter>Header Files</Filter>
    </ClInclude>
    <ClInclude Include="CurrentUser.h">
      <Filter>Header Files</Filter>
    </ClInclude>
  </ItemGroup>
  <ItemGroup>
    <Image Include="castle.png">
      <Filter>Resource Files</Filter>
    </Image>
    <Image Include="conqueror_clipart.png">
      <Filter>Resource Files</Filter>
    </Image>
    <Image Include="emperor_clipart.png">
      <Filter>Resource Files</Filter>
    </Image>
    <Image Include="royal_design_left.png">
      <Filter>Resource Files</Filter>
    </Image>
    <Image Include="royal_design_right.png">
      <Filter>Resource Files</Filter>
    </Image>
    <Image Include="spartan_clipart.png">
      <Filter>Resource Files</Filter>
    </Image>
    <Image Include="yellow_player3.png">
      <Filter>Resource Files</Filter>
    </Image>
    <Image Include="blue_player2.png">
      <Filter>Resource Files</Filter>
    </Image>
    <Image Include="green_player4.png">
      <Filter>Resource Files</Filter>
    </Image>
    <Image Include="red_player1.png">
      <Filter>Resource Files</Filter>
    </Image>
  </ItemGroup>
  <ItemGroup>
    <QtMoc Include="Game.h">
      <Filter>Header Files</Filter>
    </QtMoc>
    <QtMoc Include="GUI.h">
      <Filter>Header Files</Filter>
    </QtMoc>
    <QtMoc Include="Lobby.h">
      <Filter>Header Files</Filter>
    </QtMoc>
    <QtMoc Include="LoggedInMenu.h">
      <Filter>Header Files</Filter>
    </QtMoc>
    <QtMoc Include="LogInMenu.h">
      <Filter>Header Files</Filter>
    </QtMoc>
    <QtMoc Include="PreLobbyMenu.h">
      <Filter>Header Files</Filter>
    </QtMoc>
    <QtMoc Include="ProfileViewTab.h">
      <Filter>Header Files</Filter>
    </QtMoc>
    <QtMoc Include="SignUpMenu.h">
      <Filter>Header Files</Filter>
    </QtMoc>
  </ItemGroup>
  <ItemGroup>
    <QtUic Include="Game.ui">
      <Filter>User Interfaces</Filter>
    </QtUic>
    <QtUic Include="GUI.ui">
      <Filter>User Interfaces</Filter>
    </QtUic>
    <QtUic Include="Lobby.ui">
      <Filter>User Interfaces</Filter>
    </QtUic>
    <QtUic Include="LoggedInMenu.ui">
      <Filter>User Interfaces</Filter>
    </QtUic>
    <QtUic Include="LogInMenu.ui">
      <Filter>User Interfaces</Filter>
    </QtUic>
    <QtUic Include="PreLobbyMenu.ui">
      <Filter>User Interfaces</Filter>
    </QtUic>
    <QtUic Include="ProfileViewTab.ui">
      <Filter>User Interfaces</Filter>
    </QtUic>
    <QtUic Include="SignUpMenu.ui">
      <Filter>User Interfaces</Filter>
    </QtUic>
  </ItemGroup>
  <ItemGroup>
    <Filter Include="Header Files">
      <UniqueIdentifier>{fb0723c1-10f9-42e1-a1b2-08be0c67a3d8}</UniqueIdentifier>
    </Filter>
    <Filter Include="Source Files">
      <UniqueIdentifier>{59ac73ff-71d4-44d9-8852-20954b0ec8af}</UniqueIdentifier>
    </Filter>
    <Filter Include="User Interfaces">
      <UniqueIdentifier>{4ea463c4-73b4-41aa-8c89-ffc7379cf6db}</UniqueIdentifier>
    </Filter>
    <Filter Include="Resource Files">
      <UniqueIdentifier>{43435359-4a3c-4923-8777-2501841e2787}</UniqueIdentifier>
    </Filter>
  </ItemGroup>
  <ItemGroup>
    <QtRcc Include="GUI.qrc">
      <Filter>User Interfaces</Filter>
    </QtRcc>
  </ItemGroup>
  <ItemGroup>
    <None Include="Irrorater.qss">
      <Filter>Resource Files</Filter>
    </None>
  </ItemGroup>
</Project>